
Microsoft Visual Studio Solution File, Format Version 12.00
# Visual Studio Version 16
VisualStudioVersion = 16.0.809.4
MinimumVisualStudioVersion = 10.0.40219.1
Project("{FAE04EC0-301F-11D3-BF4B-00C04F79EFBC}") = "GmailNewMessageListener", "GmailNewMessageListener\GmailNewMessageListener.csproj", "{A42AF3AF-906D-4B65-8B03-4BB1F94F40C3}"
EndProject
Global
	GlobalSection(SolutionConfigurationPlatforms) = preSolution
		Debug|Any CPU = Debug|Any CPU
		Release|Any CPU = Release|Any CPU
	EndGlobalSection
	GlobalSection(ProjectConfigurationPlatforms) = postSolution
		{A42AF3AF-906D-4B65-8B03-4BB1F94F40C3}.Debug|Any CPU.ActiveCfg = Debug|Any CPU
		{A42AF3AF-906D-4B65-8B03-4BB1F94F40C3}.Debug|Any CPU.Build.0 = Debug|Any CPU
		{A42AF3AF-906D-4B65-8B03-4BB1F94F40C3}.Release|Any CPU.ActiveCfg = Release|Any CPU
		{A42AF3AF-906D-4B65-8B03-4BB1F94F40C3}.Release|Any CPU.Build.0 = Release|Any CPU
	EndGlobalSection
	GlobalSection(SolutionProperties) = preSolution
		HideSolutionNode = FALSE
	EndGlobalSection
	GlobalSection(ExtensibilityGlobals) = postSolution
		SolutionGuid = {CD0B5D65-CB4F-48D4-874D-B03423C00051}
	EndGlobalSection
EndGlobal
